
Microsoft Visual Studio Solution File, Format Version 12.00
# Visual Studio Version 16
VisualStudioVersion = 16.0.34114.132
MinimumVisualStudioVersion = 10.0.40219.1
Project("{FAE04EC0-301F-11D3-BF4B-00C04F79EFBC}") = "ProjectAngular", "ProjectAngular\ProjectAngular.csproj", "{4D695920-726B-41EF-A963-4086BD6117CF}"
EndProject
Global
	GlobalSection(SolutionConfigurationPlatforms) = preSolution
		Debug|Any CPU = Debug|Any CPU
		Release|Any CPU = Release|Any CPU
	EndGlobalSection
	GlobalSection(ProjectConfigurationPlatforms) = postSolution
		{4D695920-726B-41EF-A963-4086BD6117CF}.Debug|Any CPU.ActiveCfg = Debug|Any CPU
		{4D695920-726B-41EF-A963-4086BD6117CF}.Debug|Any CPU.Build.0 = Debug|Any CPU
		{4D695920-726B-41EF-A963-4086BD6117CF}.Release|Any CPU.ActiveCfg = Release|Any CPU
		{4D695920-726B-41EF-A963-4086BD6117CF}.Release|Any CPU.Build.0 = Release|Any CPU
	EndGlobalSection
	GlobalSection(SolutionProperties) = preSolution
		HideSolutionNode = FALSE
	EndGlobalSection
	GlobalSection(ExtensibilityGlobals) = postSolution
		SolutionGuid = {E05A8E00-6306-4FAA-9AB7-D63461C6DDDC}
	EndGlobalSection
EndGlobal
